
Microsoft Visual Studio Solution File, Format Version 12.00
# Visual Studio Version 16
VisualStudioVersion = 16.0.31515.178
MinimumVisualStudioVersion = 10.0.40219.1
Project("{FAE04EC0-301F-11D3-BF4B-00C04F79EFBC}") = "FinalAssignment", "FinalAssignment\FinalAssignment.csproj", "{18A76B28-DC0C-4D94-B5D3-FC9DA047EFA5}"
EndProject
Project("{FAE04EC0-301F-11D3-BF4B-00C04F79EFBC}") = "FinalAssignment.DAL", "FinalAssignment.DAL\FinalAssignment.DAL.csproj", "{EC6EF56B-0A7C-4576-B8A3-155FC67E44D1}"
EndProject
Project("{FAE04EC0-301F-11D3-BF4B-00C04F79EFBC}") = "FinalAssignment.Services", "FinalAssignment.Services\FinalAssignment.Services.csproj", "{C87EFE82-662F-4B9B-811B-3562713262EE}"
EndProject
Global
	GlobalSection(SolutionConfigurationPlatforms) = preSolution
		Debug|Any CPU = Debug|Any CPU
		Release|Any CPU = Release|Any CPU
	EndGlobalSection
	GlobalSection(ProjectConfigurationPlatforms) = postSolution
		{18A76B28-DC0C-4D94-B5D3-FC9DA047EFA5}.Debug|Any CPU.ActiveCfg = Debug|Any CPU
		{18A76B28-DC0C-4D94-B5D3-FC9DA047EFA5}.Debug|Any CPU.Build.0 = Debug|Any CPU
		{18A76B28-DC0C-4D94-B5D3-FC9DA047EFA5}.Release|Any CPU.ActiveCfg = Release|Any CPU
		{18A76B28-DC0C-4D94-B5D3-FC9DA047EFA5}.Release|Any CPU.Build.0 = Release|Any CPU
		{EC6EF56B-0A7C-4576-B8A3-155FC67E44D1}.Debug|Any CPU.ActiveCfg = Debug|Any CPU
		{EC6EF56B-0A7C-4576-B8A3-155FC67E44D1}.Debug|Any CPU.Build.0 = Debug|Any CPU
		{EC6EF56B-0A7C-4576-B8A3-155FC67E44D1}.Release|Any CPU.ActiveCfg = Release|Any CPU
		{EC6EF56B-0A7C-4576-B8A3-155FC67E44D1}.Release|Any CPU.Build.0 = Release|Any CPU
		{C87EFE82-662F-4B9B-811B-3562713262EE}.Debug|Any CPU.ActiveCfg = Debug|Any CPU
		{C87EFE82-662F-4B9B-811B-3562713262EE}.Debug|Any CPU.Build.0 = Debug|Any CPU
		{C87EFE82-662F-4B9B-811B-3562713262EE}.Release|Any CPU.ActiveCfg = Release|Any CPU
		{C87EFE82-662F-4B9B-811B-3562713262EE}.Release|Any CPU.Build.0 = Release|Any CPU
	EndGlobalSection
	GlobalSection(SolutionProperties) = preSolution
		HideSolutionNode = FALSE
	EndGlobalSection
	GlobalSection(ExtensibilityGlobals) = postSolution
		SolutionGuid = {E0256665-DD1E-4BFE-837D-CB3700B859ED}
	EndGlobalSection
EndGlobal
